{
  "name": "forge-v86-example",
  "version": "0.1.0",
  "lockfileVersion": 3,
  "requires": true,
  "packages": {
    "": {
      "name": "forge-v86-example",
      "version": "0.1.0",
      "dependencies": {
        "@forge/resolver": "^1.6.0"
      }
    },
    "node_modules/@forge/api": {
      "version": "6.0.2",
      "resolved": "https://registry.npmjs.org/@forge/api/-/api-6.0.2.tgz",
      "integrity": "sha512-4E0OUcHod82uL4aVS0djRgHNJtMoWCn/t1qFY5KKEMiYd8o4jgzroCeIkW8kJBHW1diD+7R6ueIFUzxA/RF7oQ==",
      "license": "SEE LICENSE IN LICENSE.txt",
      "dependencies": {
        "@forge/auth": "0.0.8",
        "@forge/egress": "2.0.1",
        "@forge/i18n": "0.0.7",
        "@forge/storage": "2.0.2",
        "headers-utils": "^3.0.2"
      }
    },
    "node_modules/@forge/auth": {
      "version": "0.0.8",
      "resolved": "https://registry.npmjs.org/@forge/auth/-/auth-0.0.8.tgz",
      "integrity": "sha512-nsI81rMYJz9qXSWrKiK6/ph0QIjwEUrBlUa6P/2+s8Gwwur/U82SDux3A25o4rbsqLdqWdpOTi/iRSKL1zUZfQ==",
      "license": "SEE LICENSE IN LICENSE.txt",
      "dependencies": {
        "tslib": "^2.6.2"
      }
    },
    "node_modules/@forge/egress": {
      "version": "2.0.1",
      "resolved": "https://registry.npmjs.org/@forge/egress/-/egress-2.0.1.tgz",
      "integrity": "sha512-kOvVFBxX1PQs7+YzWdb7xoEKTQdkpsH4kg480IRsPfjuTIIvvuBy8niZy1Zk8VNStMiKvC6zsVt6T8iNtHlFqQ==",
      "license": "SEE LICENSE IN LICENSE.txt",
      "dependencies": {
        "minimatch": "^9.0.5"
      }
    },
    "node_modules/@forge/i18n": {
      "version": "0.0.7",
      "resolved": "https://registry.npmjs.org/@forge/i18n/-/i18n-0.0.7.tgz",
      "integrity": "sha512-EKrQApcuI4k4AkUSeERkZv1dQaGjWsmB8i7ciDPtpDARPRH1sOrU+FSEOoA7b9FQ15++7Q144m94w/aMLCg5Gg==",
      "license": "SEE LICENSE IN LICENSE.txt",
      "dependencies": {
        "lodash": "^4.17.21"
      }
    },
    "node_modules/@forge/resolver": {
      "version": "1.6.15",
      "resolved": "https://registry.npmjs.org/@forge/resolver/-/resolver-1.6.15.tgz",
      "integrity": "sha512-CpyF/Z9Y4R02hkBTuph5Z6DYhNQdm+FpYpHZJHnNv+Lc7JmCTXSYwUFWB9M2hfnH6MEzqWtP9mOG5U/RJoUjKw==",
      "license": "SEE LICENSE IN LICENSE.txt",
      "dependencies": {
        "@forge/api": "6.0.2"
      }
    },
    "node_modules/@forge/storage": {
      "version": "2.0.2",
      "resolved": "https://registry.npmjs.org/@forge/storage/-/storage-2.0.2.tgz",
      "integrity": "sha512-SDluSn0lG0RPXHXaIEtJD1+4amfXOPlUgyYpPIGve8vlmOcV0WVjsuXGtMzOBV+JrftXFZe/UTphVZll0Oat0Q==",
      "license": "SEE LICENSE IN LICENSE.txt"
    },
    "node_modules/balanced-match": {
      "version": "1.0.2",
      "resolved": "https://registry.npmjs.org/balanced-match/-/balanced-match-1.0.2.tgz",
      "integrity": "sha512-3oSeUO0TMV67hN1AmbXsK4yaqU7tjiHlbxRDZOpH0KW9+CeX4bRAaX0Anxt0tx2MrpRpWwQaPwIlISEJhYU5Pw==",
      "license": "MIT"
    },
    "node_modules/brace-expansion": {
      "version": "2.0.2",
      "resolved": "https://registry.npmjs.org/brace-expansion/-/brace-expansion-2.0.2.tgz",
      "integrity": "sha512-Jt0vHyM+jmUBqojB7E1NIYadt0vI0Qxjxd2TErW94wDz+E2LAm5vKMXXwg6ZZBTHPuUlDgQHKXvjGBdfcF1ZDQ==",
      "license": "MIT",
      "dependencies": {
        "balanced-match": "^1.0.0"
      }
    },
    "node_modules/headers-utils": {
      "version": "3.0.2",
      "resolved": "https://registry.npmjs.org/headers-utils/-/headers-utils-3.0.2.tgz",
      "integrity": "sha512-xAxZkM1dRyGV2Ou5bzMxBPNLoRCjcX+ya7KSWybQD2KwLphxsapUVK6x/02o7f4VU6GPSXch9vNY2+gkU8tYWQ==",
      "license": "MIT"
    },
    "node_modules/lodash": {
      "version": "4.17.21",
      "resolved": "https://registry.npmjs.org/lodash/-/lodash-4.17.21.tgz",
      "integrity": "sha512-v2kDEe57lecTulaDIuNTPy3Ry4gLGJ6Z1O3vE1krgXZNrsQ+LFTGHVxVjcXPs17LhbZVGedAJv8XZ1tvj5FvSg==",
      "license": "MIT"
    },
    "node_modules/minimatch": {
      "version": "9.0.5",
      "resolved": "https://registry.npmjs.org/minimatch/-/minimatch-9.0.5.tgz",
      "integrity": "sha512-G6T0ZX48xgozx7587koeX9Ys2NYy6Gmv//P89sEte9V9whIapMNF4idKxnW2QtCcLiTWlb/wfCabAtAFWhhBow==",
      "license": "ISC",
      "dependencies": {
        "brace-expansion": "^2.0.1"
      },
      "engines": {
        "node": ">=16 || 14 >=14.17"
      },
      "funding": {
        "url": "https://github.com/sponsors/isaacs"
      }
    },
    "node_modules/tslib": {
      "version": "2.8.1",
      "resolved": "https://registry.npmjs.org/tslib/-/tslib-2.8.1.tgz",
      "integrity": "sha512-oJFu94HQb+KVduSUQL7wnpmqnfmLsOA/nAh6b6EH0wCEoK0/mPeXU6c3wKDV83MkOuHPRHtSXKKU99IBazS/2w==",
      "license": "0BSD"
    }
  }
}
